
Microsoft Visual Studio Solution File, Format Version 12.00
# Visual Studio Version 16
VisualStudioVersion = 16.0.31613.86
MinimumVisualStudioVersion = 10.0.40219.1
Project("{9A19103F-16F7-4668-BE54-9A1E7A4F7556}") = "Entidades", "Entidades\Entidades.csproj", "{DE1A49E2-5321-47AA-B31D-ADD529781BA2}"
EndProject
Project("{FAE04EC0-301F-11D3-BF4B-00C04F79EFBC}") = "MiCalculadora", "MiCalculadora\MiCalculadora.csproj", "{E671DB1D-C1C6-477B-A200-A2E6C19BABEC}"
EndProject
Global
	GlobalSection(SolutionConfigurationPlatforms) = preSolution
		Debug|Any CPU = Debug|Any CPU
		Release|Any CPU = Release|Any CPU
	EndGlobalSection
	GlobalSection(ProjectConfigurationPlatforms) = postSolution
		{DE1A49E2-5321-47AA-B31D-ADD529781BA2}.Debug|Any CPU.ActiveCfg = Debug|Any CPU
		{DE1A49E2-5321-47AA-B31D-ADD529781BA2}.Debug|Any CPU.Build.0 = Debug|Any CPU
		{DE1A49E2-5321-47AA-B31D-ADD529781BA2}.Release|Any CPU.ActiveCfg = Release|Any CPU
		{DE1A49E2-5321-47AA-B31D-ADD529781BA2}.Release|Any CPU.Build.0 = Release|Any CPU
		{E671DB1D-C1C6-477B-A200-A2E6C19BABEC}.Debug|Any CPU.ActiveCfg = Debug|Any CPU
		{E671DB1D-C1C6-477B-A200-A2E6C19BABEC}.Debug|Any CPU.Build.0 = Debug|Any CPU
		{E671DB1D-C1C6-477B-A200-A2E6C19BABEC}.Release|Any CPU.ActiveCfg = Release|Any CPU
		{E671DB1D-C1C6-477B-A200-A2E6C19BABEC}.Release|Any CPU.Build.0 = Release|Any CPU
	EndGlobalSection
	GlobalSection(SolutionProperties) = preSolution
		HideSolutionNode = FALSE
	EndGlobalSection
	GlobalSection(ExtensibilityGlobals) = postSolution
		SolutionGuid = {984F62C5-02D2-43F7-B7DF-518629DB49A8}
	EndGlobalSection
EndGlobal
