
Microsoft Visual Studio Solution File, Format Version 12.00
# Visual Studio Version 16
VisualStudioVersion = 16.0.31702.278
MinimumVisualStudioVersion = 10.0.40219.1
Project("{9A19103F-16F7-4668-BE54-9A1E7A4F7556}") = "Entidades", "Entidades\Entidades.csproj", "{0920A36B-1946-4B92-A8B3-108300EAE42B}"
EndProject
Project("{9A19103F-16F7-4668-BE54-9A1E7A4F7556}") = "Formularios", "Formularios\Formularios.csproj", "{9138AA93-E6AF-4316-8697-4C105926C8AD}"
EndProject
Project("{9A19103F-16F7-4668-BE54-9A1E7A4F7556}") = "TestConsola", "TestConsola\TestConsola.csproj", "{FD01D8D9-FDDB-490E-B41F-285EB4CE7A59}"
EndProject
Project("{9A19103F-16F7-4668-BE54-9A1E7A4F7556}") = "Excepciones", "Excepciones\Excepciones.csproj", "{D360BB1F-F52D-4022-B083-2B718BB77580}"
EndProject
Project("{FAE04EC0-301F-11D3-BF4B-00C04F79EFBC}") = "Test Unitario", "Test Unitario\Test Unitario.csproj", "{9B468A11-4B2C-429D-B861-560C5F99B444}"
EndProject
Global
	GlobalSection(SolutionConfigurationPlatforms) = preSolution
		Debug|Any CPU = Debug|Any CPU
		Release|Any CPU = Release|Any CPU
	EndGlobalSection
	GlobalSection(ProjectConfigurationPlatforms) = postSolution
		{0920A36B-1946-4B92-A8B3-108300EAE42B}.Debug|Any CPU.ActiveCfg = Debug|Any CPU
		{0920A36B-1946-4B92-A8B3-108300EAE42B}.Debug|Any CPU.Build.0 = Debug|Any CPU
		{0920A36B-1946-4B92-A8B3-108300EAE42B}.Release|Any CPU.ActiveCfg = Release|Any CPU
		{0920A36B-1946-4B92-A8B3-108300EAE42B}.Release|Any CPU.Build.0 = Release|Any CPU
		{9138AA93-E6AF-4316-8697-4C105926C8AD}.Debug|Any CPU.ActiveCfg = Debug|Any CPU
		{9138AA93-E6AF-4316-8697-4C105926C8AD}.Debug|Any CPU.Build.0 = Debug|Any CPU
		{9138AA93-E6AF-4316-8697-4C105926C8AD}.Release|Any CPU.ActiveCfg = Release|Any CPU
		{9138AA93-E6AF-4316-8697-4C105926C8AD}.Release|Any CPU.Build.0 = Release|Any CPU
		{FD01D8D9-FDDB-490E-B41F-285EB4CE7A59}.Debug|Any CPU.ActiveCfg = Debug|Any CPU
		{FD01D8D9-FDDB-490E-B41F-285EB4CE7A59}.Debug|Any CPU.Build.0 = Debug|Any CPU
		{FD01D8D9-FDDB-490E-B41F-285EB4CE7A59}.Release|Any CPU.ActiveCfg = Release|Any CPU
		{FD01D8D9-FDDB-490E-B41F-285EB4CE7A59}.Release|Any CPU.Build.0 = Release|Any CPU
		{D360BB1F-F52D-4022-B083-2B718BB77580}.Debug|Any CPU.ActiveCfg = Debug|Any CPU
		{D360BB1F-F52D-4022-B083-2B718BB77580}.Debug|Any CPU.Build.0 = Debug|Any CPU
		{D360BB1F-F52D-4022-B083-2B718BB77580}.Release|Any CPU.ActiveCfg = Release|Any CPU
		{D360BB1F-F52D-4022-B083-2B718BB77580}.Release|Any CPU.Build.0 = Release|Any CPU
		{9B468A11-4B2C-429D-B861-560C5F99B444}.Debug|Any CPU.ActiveCfg = Debug|Any CPU
		{9B468A11-4B2C-429D-B861-560C5F99B444}.Debug|Any CPU.Build.0 = Debug|Any CPU
		{9B468A11-4B2C-429D-B861-560C5F99B444}.Release|Any CPU.ActiveCfg = Release|Any CPU
		{9B468A11-4B2C-429D-B861-560C5F99B444}.Release|Any CPU.Build.0 = Release|Any CPU
	EndGlobalSection
	GlobalSection(SolutionProperties) = preSolution
		HideSolutionNode = FALSE
	EndGlobalSection
	GlobalSection(ExtensibilityGlobals) = postSolution
		SolutionGuid = {386100AC-02E3-4C22-8605-8EFC9585D07A}
	EndGlobalSection
EndGlobal
